// !$*UTF8*$!
{
	archiveVersion = 1;
	classes = {
	};
	objectVersion = 56;
	objects = {

/* Begin PBXBuildFile section */
		B427AF812C5E19560087B1C4 /* Review.swift in Sources */ = {isa = PBXBuildFile; fileRef = B427AF802C5E19560087B1C4 /* Review.swift */; };
		B427AF832C5E1F840087B1C4 /* AddReviewScreen.swift in Sources */ = {isa = PBXBuildFile; fileRef = B427AF822C5E1F840087B1C4 /* AddReviewScreen.swift */; };
		B427AF852C5E2C5E0087B1C4 /* ReviewListView.swift in Sources */ = {isa = PBXBuildFile; fileRef = B427AF842C5E2C5E0087B1C4 /* ReviewListView.swift */; };
		B471E6D82C6129E7007A9F7B /* FilterSelectionScreen.swift in Sources */ = {isa = PBXBuildFile; fileRef = B471E6D72C6129E7007A9F7B /* FilterSelectionScreen.swift */; };
		B49114822C59223D00A1D498 /* MoviesApp.swift in Sources */ = {isa = PBXBuildFile; fileRef = B49114812C59223D00A1D498 /* MoviesApp.swift */; };
		B49114842C59223D00A1D498 /* ContentView.swift in Sources */ = {isa = PBXBuildFile; fileRef = B49114832C59223D00A1D498 /* ContentView.swift */; };
		B49114862C59223E00A1D498 /* Assets.xcassets in Resources */ = {isa = PBXBuildFile; fileRef = B49114852C59223E00A1D498 /* Assets.xcassets */; };
		B49114892C59223E00A1D498 /* Preview Assets.xcassets in Resources */ = {isa = PBXBuildFile; fileRef = B49114882C59223E00A1D498 /* Preview Assets.xcassets */; };
		B49114912C5922F200A1D498 /* Movie.swift in Sources */ = {isa = PBXBuildFile; fileRef = B49114902C5922F200A1D498 /* Movie.swift */; };
		B49114942C59242400A1D498 /* AddMovieScreen.swift in Sources */ = {isa = PBXBuildFile; fileRef = B49114932C59242400A1D498 /* AddMovieScreen.swift */; };
		B49114972C59254A00A1D498 /* String+Extensions.swift in Sources */ = {isa = PBXBuildFile; fileRef = B49114962C59254A00A1D498 /* String+Extensions.swift */; };
		B49114992C59295A00A1D498 /* MovieListScreen.swift in Sources */ = {isa = PBXBuildFile; fileRef = B49114982C59295A00A1D498 /* MovieListScreen.swift */; };
		B491149C2C592F3100A1D498 /* MovieListView.swift in Sources */ = {isa = PBXBuildFile; fileRef = B491149B2C592F3100A1D498 /* MovieListView.swift */; };
		B491149E2C59322C00A1D498 /* MovieDetailScreen.swift in Sources */ = {isa = PBXBuildFile; fileRef = B491149D2C59322C00A1D498 /* MovieDetailScreen.swift */; };
		B4B49F5A2C5F6AD3002F48FF /* Actor.swift in Sources */ = {isa = PBXBuildFile; fileRef = B4B49F592C5F6AD3002F48FF /* Actor.swift */; };
		B4B49F5C2C5F72E0002F48FF /* ActorListView.swift in Sources */ = {isa = PBXBuildFile; fileRef = B4B49F5B2C5F72E0002F48FF /* ActorListView.swift */; };
		B4B49F5E2C5F744D002F48FF /* ActorSelectionView.swift in Sources */ = {isa = PBXBuildFile; fileRef = B4B49F5D2C5F744D002F48FF /* ActorSelectionView.swift */; };
		B4B49F602C5F9B0C002F48FF /* ActorCellView.swift in Sources */ = {isa = PBXBuildFile; fileRef = B4B49F5F2C5F9B0C002F48FF /* ActorCellView.swift */; };
		B4B49F622C5F9F6E002F48FF /* ActorDetailScreen.swift in Sources */ = {isa = PBXBuildFile; fileRef = B4B49F612C5F9F6E002F48FF /* ActorDetailScreen.swift */; };
		B4B49F642C5FA04E002F48FF /* MovieSelectionView.swift in Sources */ = {isa = PBXBuildFile; fileRef = B4B49F632C5FA04E002F48FF /* MovieSelectionView.swift */; };
/* End PBXBuildFile section */

/* Begin PBXFileReference section */
		B427AF802C5E19560087B1C4 /* Review.swift */ = {isa = PBXFileReference; lastKnownFileType = sourcecode.swift; path = Review.swift; sourceTree = "<group>"; };
		B427AF822C5E1F840087B1C4 /* AddReviewScreen.swift */ = {isa = PBXFileReference; lastKnownFileType = sourcecode.swift; path = AddReviewScreen.swift; sourceTree = "<group>"; };
		B427AF842C5E2C5E0087B1C4 /* ReviewListView.swift */ = {isa = PBXFileReference; lastKnownFileType = sourcecode.swift; path = ReviewListView.swift; sourceTree = "<group>"; };
		B471E6D72C6129E7007A9F7B /* FilterSelectionScreen.swift */ = {isa = PBXFileReference; lastKnownFileType = sourcecode.swift; path = FilterSelectionScreen.swift; sourceTree = "<group>"; };
		B491147E2C59223D00A1D498 /* Movies.app */ = {isa = PBXFileReference; explicitFileType = wrapper.application; includeInIndex = 0; path = Movies.app; sourceTree = BUILT_PRODUCTS_DIR; };
		B49114812C59223D00A1D498 /* MoviesApp.swift */ = {isa = PBXFileReference; lastKnownFileType = sourcecode.swift; path = MoviesApp.swift; sourceTree = "<group>"; };
		B49114832C59223D00A1D498 /* ContentView.swift */ = {isa = PBXFileReference; lastKnownFileType = sourcecode.swift; path = ContentView.swift; sourceTree = "<group>"; };
		B49114852C59223E00A1D498 /* Assets.xcassets */ = {isa = PBXFileReference; lastKnownFileType = folder.assetcatalog; path = Assets.xcassets; sourceTree = "<group>"; };
		B49114882C59223E00A1D498 /* Preview Assets.xcassets */ = {isa = PBXFileReference; lastKnownFileType = folder.assetcatalog; path = "Preview Assets.xcassets"; sourceTree = "<group>"; };
		B49114902C5922F200A1D498 /* Movie.swift */ = {isa = PBXFileReference; lastKnownFileType = sourcecode.swift; path = Movie.swift; sourceTree = "<group>"; };
		B49114932C59242400A1D498 /* AddMovieScreen.swift */ = {isa = PBXFileReference; lastKnownFileType = sourcecode.swift; path = AddMovieScreen.swift; sourceTree = "<group>"; };
		B49114962C59254A00A1D498 /* String+Extensions.swift */ = {isa = PBXFileReference; lastKnownFileType = sourcecode.swift; path = "String+Extensions.swift"; sourceTree = "<group>"; };
		B49114982C59295A00A1D498 /* MovieListScreen.swift */ = {isa = PBXFileReference; lastKnownFileType = sourcecode.swift; path = MovieListScreen.swift; sourceTree = "<group>"; };
		B491149B2C592F3100A1D498 /* MovieListView.swift */ = {isa = PBXFileReference; lastKnownFileType = sourcecode.swift; path = MovieListView.swift; sourceTree = "<group>"; };
		B491149D2C59322C00A1D498 /* MovieDetailScreen.swift */ = {isa = PBXFileReference; lastKnownFileType = sourcecode.swift; path = MovieDetailScreen.swift; sourceTree = "<group>"; };
		B4B49F592C5F6AD3002F48FF /* Actor.swift */ = {isa = PBXFileReference; lastKnownFileType = sourcecode.swift; path = Actor.swift; sourceTree = "<group>"; };
		B4B49F5B2C5F72E0002F48FF /* ActorListView.swift */ = {isa = PBXFileReference; lastKnownFileType = sourcecode.swift; path = ActorListView.swift; sourceTree = "<group>"; };
		B4B49F5D2C5F744D002F48FF /* ActorSelectionView.swift */ = {isa = PBXFileReference; lastKnownFileType = sourcecode.swift; path = ActorSelectionView.swift; sourceTree = "<group>"; };
		B4B49F5F2C5F9B0C002F48FF /* ActorCellView.swift */ = {isa = PBXFileReference; lastKnownFileType = sourcecode.swift; path = ActorCellView.swift; sourceTree = "<group>"; };
		B4B49F612C5F9F6E002F48FF /* ActorDetailScreen.swift */ = {isa = PBXFileReference; lastKnownFileType = sourcecode.swift; path = ActorDetailScreen.swift; sourceTree = "<group>"; };
		B4B49F632C5FA04E002F48FF /* MovieSelectionView.swift */ = {isa = PBXFileReference; lastKnownFileType = sourcecode.swift; path = MovieSelectionView.swift; sourceTree = "<group>"; };
/* End PBXFileReference section */

/* Begin PBXFrameworksBuildPhase section */
		B491147B2C59223D00A1D498 /* Frameworks */ = {
			isa = PBXFrameworksBuildPhase;
			buildActionMask = 2147483647;
			files = (
			);
			runOnlyForDeploymentPostprocessing = 0;
		};
/* End PBXFrameworksBuildPhase section */

/* Begin PBXGroup section */
		B49114752C59223D00A1D498 = {
			isa = PBXGroup;
			children = (
				B49114802C59223D00A1D498 /* Movies */,
				B491147F2C59223D00A1D498 /* Products */,
			);
			sourceTree = "<group>";
		};
		B491147F2C59223D00A1D498 /* Products */ = {
			isa = PBXGroup;
			children = (
				B491147E2C59223D00A1D498 /* Movies.app */,
			);
			name = Products;
			sourceTree = "<group>";
		};
		B49114802C59223D00A1D498 /* Movies */ = {
			isa = PBXGroup;
			children = (
				B491149A2C592F0E00A1D498 /* Views */,
				B49114952C59252F00A1D498 /* Extensions */,
				B49114922C5923F100A1D498 /* Screens */,
				B491148F2C5922DE00A1D498 /* Models */,
				B49114812C59223D00A1D498 /* MoviesApp.swift */,
				B49114832C59223D00A1D498 /* ContentView.swift */,
				B49114852C59223E00A1D498 /* Assets.xcassets */,
				B49114872C59223E00A1D498 /* Preview Content */,
			);
			path = Movies;
			sourceTree = "<group>";
		};
		B49114872C59223E00A1D498 /* Preview Content */ = {
			isa = PBXGroup;
			children = (
				B49114882C59223E00A1D498 /* Preview Assets.xcassets */,
			);
			path = "Preview Content";
			sourceTree = "<group>";
		};
		B491148F2C5922DE00A1D498 /* Models */ = {
			isa = PBXGroup;
			children = (
				B49114902C5922F200A1D498 /* Movie.swift */,
				B427AF802C5E19560087B1C4 /* Review.swift */,
				B4B49F592C5F6AD3002F48FF /* Actor.swift */,
			);
			path = Models;
			sourceTree = "<group>";
		};
		B49114922C5923F100A1D498 /* Screens */ = {
			isa = PBXGroup;
			children = (
				B49114932C59242400A1D498 /* AddMovieScreen.swift */,
				B49114982C59295A00A1D498 /* MovieListScreen.swift */,
				B491149D2C59322C00A1D498 /* MovieDetailScreen.swift */,
				B427AF822C5E1F840087B1C4 /* AddReviewScreen.swift */,
				B4B49F612C5F9F6E002F48FF /* ActorDetailScreen.swift */,
				B471E6D72C6129E7007A9F7B /* FilterSelectionScreen.swift */,
			);
			path = Screens;
			sourceTree = "<group>";
		};
		B49114952C59252F00A1D498 /* Extensions */ = {
			isa = PBXGroup;
			children = (
				B49114962C59254A00A1D498 /* String+Extensions.swift */,
			);
			path = Extensions;
			sourceTree = "<group>";
		};
		B491149A2C592F0E00A1D498 /* Views */ = {
			isa = PBXGroup;
			children = (
				B491149B2C592F3100A1D498 /* MovieListView.swift */,
				B427AF842C5E2C5E0087B1C4 /* ReviewListView.swift */,
				B4B49F5B2C5F72E0002F48FF /* ActorListView.swift */,
				B4B49F5D2C5F744D002F48FF /* ActorSelectionView.swift */,
				B4B49F5F2C5F9B0C002F48FF /* ActorCellView.swift */,
				B4B49F632C5FA04E002F48FF /* MovieSelectionView.swift */,
			);
			path = Views;
			sourceTree = "<group>";
		};
/* End PBXGroup section */

/* Begin PBXNativeTarget section */
		B491147D2C59223D00A1D498 /* Movies */ = {
			isa = PBXNativeTarget;
			buildConfigurationList = B491148C2C59223E00A1D498 /* Build configuration list for PBXNativeTarget "Movies" */;
			buildPhases = (
				B491147A2C59223D00A1D498 /* Sources */,
				B491147B2C59223D00A1D498 /* Frameworks */,
				B491147C2C59223D00A1D498 /* Resources */,
			);
			buildRules = (
			);
			dependencies = (
			);
			name = Movies;
			productName = Movies;
			productReference = B491147E2C59223D00A1D498 /* Movies.app */;
			productType = "com.apple.product-type.application";
		};
/* End PBXNativeTarget section */

/* Begin PBXProject section */
		B49114762C59223D00A1D498 /* Project object */ = {
			isa = PBXProject;
			attributes = {
				BuildIndependentTargetsInParallel = 1;
				LastSwiftUpdateCheck = 1540;
				LastUpgradeCheck = 1540;
				TargetAttributes = {
					B491147D2C59223D00A1D498 = {
						CreatedOnToolsVersion = 15.4;
					};
				};
			};
			buildConfigurationList = B49114792C59223D00A1D498 /* Build configuration list for PBXProject "Movies" */;
			compatibilityVersion = "Xcode 14.0";
			developmentRegion = en;
			hasScannedForEncodings = 0;
			knownRegions = (
				en,
				Base,
			);
			mainGroup = B49114752C59223D00A1D498;
			productRefGroup = B491147F2C59223D00A1D498 /* Products */;
			projectDirPath = "";
			projectRoot = "";
			targets = (
				B491147D2C59223D00A1D498 /* Movies */,
			);
		};
/* End PBXProject section */

/* Begin PBXResourcesBuildPhase section */
		B491147C2C59223D00A1D498 /* Resources */ = {
			isa = PBXResourcesBuildPhase;
			buildActionMask = 2147483647;
			files = (
				B49114892C59223E00A1D498 /* Preview Assets.xcassets in Resources */,
				B49114862C59223E00A1D498 /* Assets.xcassets in Resources */,
			);
			runOnlyForDeploymentPostprocessing = 0;
		};
/* End PBXResourcesBuildPhase section */

/* Begin PBXSourcesBuildPhase section */
		B491147A2C59223D00A1D498 /* Sources */ = {
			isa = PBXSourcesBuildPhase;
			buildActionMask = 2147483647;
			files = (
				B4B49F5A2C5F6AD3002F48FF /* Actor.swift in Sources */,
				B4B49F5C2C5F72E0002F48FF /* ActorListView.swift in Sources */,
				B471E6D82C6129E7007A9F7B /* FilterSelectionScreen.swift in Sources */,
				B49114972C59254A00A1D498 /* String+Extensions.swift in Sources */,
				B4B49F642C5FA04E002F48FF /* MovieSelectionView.swift in Sources */,
				B491149C2C592F3100A1D498 /* MovieListView.swift in Sources */,
				B427AF852C5E2C5E0087B1C4 /* ReviewListView.swift in Sources */,
				B427AF812C5E19560087B1C4 /* Review.swift in Sources */,
				B49114942C59242400A1D498 /* AddMovieScreen.swift in Sources */,
				B49114992C59295A00A1D498 /* MovieListScreen.swift in Sources */,
				B49114842C59223D00A1D498 /* ContentView.swift in Sources */,
				B4B49F5E2C5F744D002F48FF /* ActorSelectionView.swift in Sources */,
				B491149E2C59322C00A1D498 /* MovieDetailScreen.swift in Sources */,
				B49114822C59223D00A1D498 /* MoviesApp.swift in Sources */,
				B49114912C5922F200A1D498 /* Movie.swift in Sources */,
				B427AF832C5E1F840087B1C4 /* AddReviewScreen.swift in Sources */,
				B4B49F622C5F9F6E002F48FF /* ActorDetailScreen.swift in Sources */,
				B4B49F602C5F9B0C002F48FF /* ActorCellView.swift in Sources */,
			);
			runOnlyForDeploymentPostprocessing = 0;
		};
/* End PBXSourcesBuildPhase section */

/* Begin XCBuildConfiguration section */
		B491148A2C59223E00A1D498 /* Debug */ = {
			isa = XCBuildConfiguration;
			buildSettings = {
				ALWAYS_SEARCH_USER_PATHS = NO;
				ASSETCATALOG_COMPILER_GENERATE_SWIFT_ASSET_SYMBOL_EXTENSIONS = YES;
				CLANG_ANALYZER_NONNULL = YES;
				CLANG_ANALYZER_NUMBER_OBJECT_CONVERSION = YES_AGGRESSIVE;
				CLANG_CXX_LANGUAGE_STANDARD = "gnu++20";
				CLANG_ENABLE_MODULES = YES;
				CLANG_ENABLE_OBJC_ARC = YES;
				CLANG_ENABLE_OBJC_WEAK = YES;
				CLANG_WARN_BLOCK_CAPTURE_AUTORELEASING = YES;
				CLANG_WARN_BOOL_CONVERSION = YES;
				CLANG_WARN_COMMA = YES;
				CLANG_WARN_CONSTANT_CONVERSION = YES;
				CLANG_WARN_DEPRECATED_OBJC_IMPLEMENTATIONS = YES;
				CLANG_WARN_DIRECT_OBJC_ISA_USAGE = YES_ERROR;
				CLANG_WARN_DOCUMENTATION_COMMENTS = YES;
				CLANG_WARN_EMPTY_BODY = YES;
				CLANG_WARN_ENUM_CONVERSION = YES;
				CLANG_WARN_INFINITE_RECURSION = YES;
				CLANG_WARN_INT_CONVERSION = YES;
				CLANG_WARN_NON_LITERAL_NULL_CONVERSION = YES;
				CLANG_WARN_OBJC_IMPLICIT_RETAIN_SELF = YES;
				CLANG_WARN_OBJC_LITERAL_CONVERSION = YES;
				CLANG_WARN_OBJC_ROOT_CLASS = YES_ERROR;
				CLANG_WARN_QUOTED_INCLUDE_IN_FRAMEWORK_HEADER = YES;
				CLANG_WARN_RANGE_LOOP_ANALYSIS = YES;
				CLANG_WARN_STRICT_PROTOTYPES = YES;
				CLANG_WARN_SUSPICIOUS_MOVE = YES;
				CLANG_WARN_UNGUARDED_AVAILABILITY = YES_AGGRESSIVE;
				CLANG_WARN_UNREACHABLE_CODE = YES;
				CLANG_WARN__DUPLICATE_METHOD_MATCH = YES;
				COPY_PHASE_STRIP = NO;
				DEBUG_INFORMATION_FORMAT = dwarf;
				ENABLE_STRICT_OBJC_MSGSEND = YES;
				ENABLE_TESTABILITY = YES;
				ENABLE_USER_SCRIPT_SANDBOXING = YES;
				GCC_C_LANGUAGE_STANDARD = gnu17;
				GCC_DYNAMIC_NO_PIC = NO;
				GCC_NO_COMMON_BLOCKS = YES;
				GCC_OPTIMIZATION_LEVEL = 0;
				GCC_PREPROCESSOR_DEFINITIONS = (
					"DEBUG=1",
					"$(inherited)",
				);
				GCC_WARN_64_TO_32_BIT_CONVERSION = YES;
				GCC_WARN_ABOUT_RETURN_TYPE = YES_ERROR;
				GCC_WARN_UNDECLARED_SELECTOR = YES;
				GCC_WARN_UNINITIALIZED_AUTOS = YES_AGGRESSIVE;
				GCC_WARN_UNUSED_FUNCTION = YES;
				GCC_WARN_UNUSED_VARIABLE = YES;
				IPHONEOS_DEPLOYMENT_TARGET = 17.5;
				LOCALIZATION_PREFERS_STRING_CATALOGS = YES;
				MTL_ENABLE_DEBUG_INFO = INCLUDE_SOURCE;
				MTL_FAST_MATH = YES;
				ONLY_ACTIVE_ARCH = YES;
				SDKROOT = iphoneos;
				SWIFT_ACTIVE_COMPILATION_CONDITIONS = "DEBUG $(inherited)";
				SWIFT_OPTIMIZATION_LEVEL = "-Onone";
			};
			name = Debug;
		};
		B491148B2C59223E00A1D498 /* Release */ = {
			isa = XCBuildConfiguration;
			buildSettings = {
				ALWAYS_SEARCH_USER_PATHS = NO;
				ASSETCATALOG_COMPILER_GENERATE_SWIFT_ASSET_SYMBOL_EXTENSIONS = YES;
				CLANG_ANALYZER_NONNULL = YES;
				CLANG_ANALYZER_NUMBER_OBJECT_CONVERSION = YES_AGGRESSIVE;
				CLANG_CXX_LANGUAGE_STANDARD = "gnu++20";
				CLANG_ENABLE_MODULES = YES;
				CLANG_ENABLE_OBJC_ARC = YES;
				CLANG_ENABLE_OBJC_WEAK = YES;
				CLANG_WARN_BLOCK_CAPTURE_AUTORELEASING = YES;
				CLANG_WARN_BOOL_CONVERSION = YES;
				CLANG_WARN_COMMA = YES;
				CLANG_WARN_CONSTANT_CONVERSION = YES;
				CLANG_WARN_DEPRECATED_OBJC_IMPLEMENTATIONS = YES;
				CLANG_WARN_DIRECT_OBJC_ISA_USAGE = YES_ERROR;
				CLANG_WARN_DOCUMENTATION_COMMENTS = YES;
				CLANG_WARN_EMPTY_BODY = YES;
				CLANG_WARN_ENUM_CONVERSION = YES;
				CLANG_WARN_INFINITE_RECURSION = YES;
				CLANG_WARN_INT_CONVERSION = YES;
				CLANG_WARN_NON_LITERAL_NULL_CONVERSION = YES;
				CLANG_WARN_OBJC_IMPLICIT_RETAIN_SELF = YES;
				CLANG_WARN_OBJC_LITERAL_CONVERSION = YES;
				CLANG_WARN_OBJC_ROOT_CLASS = YES_ERROR;
				CLANG_WARN_QUOTED_INCLUDE_IN_FRAMEWORK_HEADER = YES;
				CLANG_WARN_RANGE_LOOP_ANALYSIS = YES;
				CLANG_WARN_STRICT_PROTOTYPES = YES;
				CLANG_WARN_SUSPICIOUS_MOVE = YES;
				CLANG_WARN_UNGUARDED_AVAILABILITY = YES_AGGRESSIVE;
				CLANG_WARN_UNREACHABLE_CODE = YES;
				CLANG_WARN__DUPLICATE_METHOD_MATCH = YES;
				COPY_PHASE_STRIP = NO;
				DEBUG_INFORMATION_FORMAT = "dwarf-with-dsym";
				ENABLE_NS_ASSERTIONS = NO;
				ENABLE_STRICT_OBJC_MSGSEND = YES;
				ENABLE_USER_SCRIPT_SANDBOXING = YES;
				GCC_C_LANGUAGE_STANDARD = gnu17;
				GCC_NO_COMMON_BLOCKS = YES;
				GCC_WARN_64_TO_32_BIT_CONVERSION = YES;
				GCC_WARN_ABOUT_RETURN_TYPE = YES_ERROR;
				GCC_WARN_UNDECLARED_SELECTOR = YES;
				GCC_WARN_UNINITIALIZED_AUTOS = YES_AGGRESSIVE;
				GCC_WARN_UNUSED_FUNCTION = YES;
				GCC_WARN_UNUSED_VARIABLE = YES;
				IPHONEOS_DEPLOYMENT_TARGET = 17.5;
				LOCALIZATION_PREFERS_STRING_CATALOGS = YES;
				MTL_ENABLE_DEBUG_INFO = NO;
				MTL_FAST_MATH = YES;
				SDKROOT = iphoneos;
				SWIFT_COMPILATION_MODE = wholemodule;
				VALIDATE_PRODUCT = YES;
			};
			name = Release;
		};
		B491148D2C59223E00A1D498 /* Debug */ = {
			isa = XCBuildConfiguration;
			buildSettings = {
				ASSETCATALOG_COMPILER_APPICON_NAME = AppIcon;
				ASSETCATALOG_COMPILER_GLOBAL_ACCENT_COLOR_NAME = AccentColor;
				CODE_SIGN_STYLE = Automatic;
				CURRENT_PROJECT_VERSION = 1;
				DEVELOPMENT_ASSET_PATHS = "\"Movies/Preview Content\"";
				DEVELOPMENT_TEAM = D2R2MN4TCC;
				ENABLE_PREVIEWS = YES;
				GENERATE_INFOPLIST_FILE = YES;
				INFOPLIST_KEY_UIApplicationSceneManifest_Generation = YES;
				INFOPLIST_KEY_UIApplicationSupportsIndirectInputEvents = YES;
				INFOPLIST_KEY_UILaunchScreen_Generation = YES;
				INFOPLIST_KEY_UISupportedInterfaceOrientations_iPad = "UIInterfaceOrientationPortrait UIInterfaceOrientationPortraitUpsideDown UIInterfaceOrientationLandscapeLeft UIInterfaceOrientationLandscapeRight";
				INFOPLIST_KEY_UISupportedInterfaceOrientations_iPhone = "UIInterfaceOrientationPortrait UIInterfaceOrientationLandscapeLeft UIInterfaceOrientationLandscapeRight";
				LD_RUNPATH_SEARCH_PATHS = (
					"$(inherited)",
					"@executable_path/Frameworks",
				);
				MARKETING_VERSION = 1.0;
				PRODUCT_BUNDLE_IDENTIFIER = com.sajedshaikh.Movies;
				PRODUCT_NAME = "$(TARGET_NAME)";
				SWIFT_EMIT_LOC_STRINGS = YES;
				SWIFT_VERSION = 5.0;
				TARGETED_DEVICE_FAMILY = "1,2";
			};
			name = Debug;
		};
		B491148E2C59223E00A1D498 /* Release */ = {
			isa = XCBuildConfiguration;
			buildSettings = {
				ASSETCATALOG_COMPILER_APPICON_NAME = AppIcon;
				ASSETCATALOG_COMPILER_GLOBAL_ACCENT_COLOR_NAME = AccentColor;
				CODE_SIGN_STYLE = Automatic;
				CURRENT_PROJECT_VERSION = 1;
				DEVELOPMENT_ASSET_PATHS = "\"Movies/Preview Content\"";
				DEVELOPMENT_TEAM = D2R2MN4TCC;
				ENABLE_PREVIEWS = YES;
				GENERATE_INFOPLIST_FILE = YES;
				INFOPLIST_KEY_UIApplicationSceneManifest_Generation = YES;
				INFOPLIST_KEY_UIApplicationSupportsIndirectInputEvents = YES;
				INFOPLIST_KEY_UILaunchScreen_Generation = YES;
				INFOPLIST_KEY_UISupportedInterfaceOrientations_iPad = "UIInterfaceOrientationPortrait UIInterfaceOrientationPortraitUpsideDown UIInterfaceOrientationLandscapeLeft UIInterfaceOrientationLandscapeRight";
				INFOPLIST_KEY_UISupportedInterfaceOrientations_iPhone = "UIInterfaceOrientationPortrait UIInterfaceOrientationLandscapeLeft UIInterfaceOrientationLandscapeRight";
				LD_RUNPATH_SEARCH_PATHS = (
					"$(inherited)",
					"@executable_path/Frameworks",
				);
				MARKETING_VERSION = 1.0;
				PRODUCT_BUNDLE_IDENTIFIER = com.sajedshaikh.Movies;
				PRODUCT_NAME = "$(TARGET_NAME)";
				SWIFT_EMIT_LOC_STRINGS = YES;
				SWIFT_VERSION = 5.0;
				TARGETED_DEVICE_FAMILY = "1,2";
			};
			name = Release;
		};
/* End XCBuildConfiguration section */

/* Begin XCConfigurationList section */
		B49114792C59223D00A1D498 /* Build configuration list for PBXProject "Movies" */ = {
			isa = XCConfigurationList;
			buildConfigurations = (
				B491148A2C59223E00A1D498 /* Debug */,
				B491148B2C59223E00A1D498 /* Release */,
			);
			defaultConfigurationIsVisible = 0;
			defaultConfigurationName = Release;
		};
		B491148C2C59223E00A1D498 /* Build configuration list for PBXNativeTarget "Movies" */ = {
			isa = XCConfigurationList;
			buildConfigurations = (
				B491148D2C59223E00A1D498 /* Debug */,
				B491148E2C59223E00A1D498 /* Release */,
			);
			defaultConfigurationIsVisible = 0;
			defaultConfigurationName = Release;
		};
/* End XCConfigurationList section */
	};
	rootObject = B49114762C59223D00A1D498 /* Project object */;
}
